
Microsoft Visual Studio Solution File, Format Version 12.00
# Visual Studio Version 17
VisualStudioVersion = 17.14.36414.22
MinimumVisualStudioVersion = 10.0.40219.1
Project("{2150E333-8FDC-42A3-9474-1A3956D46DE8}") = "src", "src", "{02EA681E-C7D8-13C7-8484-4AC65E1B71E8}"
EndProject
Project("{2150E333-8FDC-42A3-9474-1A3956D46DE8}") = "Backend", "Backend", "{73F21921-47DB-46F8-976D-5D1930937DDB}"
EndProject
Project("{2150E333-8FDC-42A3-9474-1A3956D46DE8}") = "Shared", "Shared", "{E92E10DB-FDD8-4C9F-BA5E-3D402A1DB02F}"
EndProject
Project("{FAE04EC0-301F-11D3-BF4B-00C04F79EFBC}") = "MyBookOfRecipes.API", "src\Backend\MyBookOfRecipes.API\MyBookOfRecipes.API.csproj", "{2FF5AD09-A2D7-4328-9C99-51D39ABEFFA3}"
EndProject
Project("{FAE04EC0-301F-11D3-BF4B-00C04F79EFBC}") = "MyBookOfRecipes.Application", "src\Backend\MyBookOfRecipes.Application\MyBookOfRecipes.Application.csproj", "{8E5EDB9E-A8D2-6901-D1E9-3A497F5D88CF}"
EndProject
Project("{FAE04EC0-301F-11D3-BF4B-00C04F79EFBC}") = "MyBookOfRecipes.Domain", "src\Backend\MyBookOfRecipes.Domain\MyBookOfRecipes.Domain.csproj", "{0C566584-EF2E-79A2-3405-CF8C8C78A650}"
EndProject
Project("{FAE04EC0-301F-11D3-BF4B-00C04F79EFBC}") = "MyBookOfRecipes.Infrastructure", "src\Backend\MyBookOfRecipes.Infrastructure\MyBookOfRecipes.Infrastructure.csproj", "{27BC9B26-5787-864C-5C87-0AA22F930748}"
EndProject
Project("{FAE04EC0-301F-11D3-BF4B-00C04F79EFBC}") = "MyBookOfRecipes.Communication", "src\Shared\MyBookOfRecipes.Communication\MyBookOfRecipes.Communication.csproj", "{84B6984A-C51E-4CC3-92BD-83A90105928F}"
EndProject
Project("{FAE04EC0-301F-11D3-BF4B-00C04F79EFBC}") = "MyBookOfRecipes.Exceptions", "src\Shared\MyBookOfRecipes.Exceptions\MyBookOfRecipes.Exceptions.csproj", "{2FC54C31-C091-4010-812A-ACE627604B28}"
EndProject
Project("{2150E333-8FDC-42A3-9474-1A3956D46DE8}") = "Mobile", "Mobile", "{BD89E935-7C23-43BC-8E6A-95BB304FEA3D}"
EndProject
Project("{2150E333-8FDC-42A3-9474-1A3956D46DE8}") = "tests", "tests", "{A6542C3C-77F4-428A-A854-9FC07DC456D3}"
EndProject
Project("{FAE04EC0-301F-11D3-BF4B-00C04F79EFBC}") = "Validation.Tests", "tests\Validation.Tests\Validation.Tests.csproj", "{8B4E3C72-A81A-464F-86A9-5E072369600B}"
EndProject
Project("{FAE04EC0-301F-11D3-BF4B-00C04F79EFBC}") = "CommonTestUtilities", "tests\CommonTestUtilities\CommonTestUtilities.csproj", "{5A95CC1F-3225-4926-9557-22BD4EBF34C9}"
EndProject
Project("{FAE04EC0-301F-11D3-BF4B-00C04F79EFBC}") = "UseCase.Test", "tests\UseCase.Test\UseCase.Test.csproj", "{87116DFD-F4AC-4739-993A-E7E5E5884B6A}"
EndProject
Project("{FAE04EC0-301F-11D3-BF4B-00C04F79EFBC}") = "WebApi.Test", "tests\WebApi.Test\WebApi.Test.csproj", "{345D57F9-9697-46FD-A92F-163A7530DF58}"
EndProject
Global
	GlobalSection(SolutionConfigurationPlatforms) = preSolution
		Debug|Any CPU = Debug|Any CPU
		Release|Any CPU = Release|Any CPU
	EndGlobalSection
	GlobalSection(ProjectConfigurationPlatforms) = postSolution
		{2FF5AD09-A2D7-4328-9C99-51D39ABEFFA3}.Debug|Any CPU.ActiveCfg = Debug|Any CPU
		{2FF5AD09-A2D7-4328-9C99-51D39ABEFFA3}.Debug|Any CPU.Build.0 = Debug|Any CPU
		{2FF5AD09-A2D7-4328-9C99-51D39ABEFFA3}.Release|Any CPU.ActiveCfg = Release|Any CPU
		{2FF5AD09-A2D7-4328-9C99-51D39ABEFFA3}.Release|Any CPU.Build.0 = Release|Any CPU
		{8E5EDB9E-A8D2-6901-D1E9-3A497F5D88CF}.Debug|Any CPU.ActiveCfg = Debug|Any CPU
		{8E5EDB9E-A8D2-6901-D1E9-3A497F5D88CF}.Debug|Any CPU.Build.0 = Debug|Any CPU
		{8E5EDB9E-A8D2-6901-D1E9-3A497F5D88CF}.Release|Any CPU.ActiveCfg = Release|Any CPU
		{8E5EDB9E-A8D2-6901-D1E9-3A497F5D88CF}.Release|Any CPU.Build.0 = Release|Any CPU
		{0C566584-EF2E-79A2-3405-CF8C8C78A650}.Debug|Any CPU.ActiveCfg = Debug|Any CPU
		{0C566584-EF2E-79A2-3405-CF8C8C78A650}.Debug|Any CPU.Build.0 = Debug|Any CPU
		{0C566584-EF2E-79A2-3405-CF8C8C78A650}.Release|Any CPU.ActiveCfg = Release|Any CPU
		{0C566584-EF2E-79A2-3405-CF8C8C78A650}.Release|Any CPU.Build.0 = Release|Any CPU
		{27BC9B26-5787-864C-5C87-0AA22F930748}.Debug|Any CPU.ActiveCfg = Debug|Any CPU
		{27BC9B26-5787-864C-5C87-0AA22F930748}.Debug|Any CPU.Build.0 = Debug|Any CPU
		{27BC9B26-5787-864C-5C87-0AA22F930748}.Release|Any CPU.ActiveCfg = Release|Any CPU
		{27BC9B26-5787-864C-5C87-0AA22F930748}.Release|Any CPU.Build.0 = Release|Any CPU
		{84B6984A-C51E-4CC3-92BD-83A90105928F}.Debug|Any CPU.ActiveCfg = Debug|Any CPU
		{84B6984A-C51E-4CC3-92BD-83A90105928F}.Debug|Any CPU.Build.0 = Debug|Any CPU
		{84B6984A-C51E-4CC3-92BD-83A90105928F}.Release|Any CPU.ActiveCfg = Release|Any CPU
		{84B6984A-C51E-4CC3-92BD-83A90105928F}.Release|Any CPU.Build.0 = Release|Any CPU
		{2FC54C31-C091-4010-812A-ACE627604B28}.Debug|Any CPU.ActiveCfg = Debug|Any CPU
		{2FC54C31-C091-4010-812A-ACE627604B28}.Debug|Any CPU.Build.0 = Debug|Any CPU
		{2FC54C31-C091-4010-812A-ACE627604B28}.Release|Any CPU.ActiveCfg = Release|Any CPU
		{2FC54C31-C091-4010-812A-ACE627604B28}.Release|Any CPU.Build.0 = Release|Any CPU
		{8B4E3C72-A81A-464F-86A9-5E072369600B}.Debug|Any CPU.ActiveCfg = Debug|Any CPU
		{8B4E3C72-A81A-464F-86A9-5E072369600B}.Debug|Any CPU.Build.0 = Debug|Any CPU
		{8B4E3C72-A81A-464F-86A9-5E072369600B}.Release|Any CPU.ActiveCfg = Release|Any CPU
		{8B4E3C72-A81A-464F-86A9-5E072369600B}.Release|Any CPU.Build.0 = Release|Any CPU
		{5A95CC1F-3225-4926-9557-22BD4EBF34C9}.Debug|Any CPU.ActiveCfg = Debug|Any CPU
		{5A95CC1F-3225-4926-9557-22BD4EBF34C9}.Debug|Any CPU.Build.0 = Debug|Any CPU
		{5A95CC1F-3225-4926-9557-22BD4EBF34C9}.Release|Any CPU.ActiveCfg = Release|Any CPU
		{5A95CC1F-3225-4926-9557-22BD4EBF34C9}.Release|Any CPU.Build.0 = Release|Any CPU
		{87116DFD-F4AC-4739-993A-E7E5E5884B6A}.Debug|Any CPU.ActiveCfg = Debug|Any CPU
		{87116DFD-F4AC-4739-993A-E7E5E5884B6A}.Debug|Any CPU.Build.0 = Debug|Any CPU
		{87116DFD-F4AC-4739-993A-E7E5E5884B6A}.Release|Any CPU.ActiveCfg = Release|Any CPU
		{87116DFD-F4AC-4739-993A-E7E5E5884B6A}.Release|Any CPU.Build.0 = Release|Any CPU
		{345D57F9-9697-46FD-A92F-163A7530DF58}.Debug|Any CPU.ActiveCfg = Debug|Any CPU
		{345D57F9-9697-46FD-A92F-163A7530DF58}.Debug|Any CPU.Build.0 = Debug|Any CPU
		{345D57F9-9697-46FD-A92F-163A7530DF58}.Release|Any CPU.ActiveCfg = Release|Any CPU
		{345D57F9-9697-46FD-A92F-163A7530DF58}.Release|Any CPU.Build.0 = Release|Any CPU
	EndGlobalSection
	GlobalSection(SolutionProperties) = preSolution
		HideSolutionNode = FALSE
	EndGlobalSection
	GlobalSection(NestedProjects) = preSolution
		{73F21921-47DB-46F8-976D-5D1930937DDB} = {02EA681E-C7D8-13C7-8484-4AC65E1B71E8}
		{E92E10DB-FDD8-4C9F-BA5E-3D402A1DB02F} = {02EA681E-C7D8-13C7-8484-4AC65E1B71E8}
		{2FF5AD09-A2D7-4328-9C99-51D39ABEFFA3} = {73F21921-47DB-46F8-976D-5D1930937DDB}
		{8E5EDB9E-A8D2-6901-D1E9-3A497F5D88CF} = {73F21921-47DB-46F8-976D-5D1930937DDB}
		{0C566584-EF2E-79A2-3405-CF8C8C78A650} = {73F21921-47DB-46F8-976D-5D1930937DDB}
		{27BC9B26-5787-864C-5C87-0AA22F930748} = {73F21921-47DB-46F8-976D-5D1930937DDB}
		{84B6984A-C51E-4CC3-92BD-83A90105928F} = {E92E10DB-FDD8-4C9F-BA5E-3D402A1DB02F}
		{2FC54C31-C091-4010-812A-ACE627604B28} = {E92E10DB-FDD8-4C9F-BA5E-3D402A1DB02F}
		{BD89E935-7C23-43BC-8E6A-95BB304FEA3D} = {02EA681E-C7D8-13C7-8484-4AC65E1B71E8}
		{8B4E3C72-A81A-464F-86A9-5E072369600B} = {A6542C3C-77F4-428A-A854-9FC07DC456D3}
		{5A95CC1F-3225-4926-9557-22BD4EBF34C9} = {A6542C3C-77F4-428A-A854-9FC07DC456D3}
		{87116DFD-F4AC-4739-993A-E7E5E5884B6A} = {A6542C3C-77F4-428A-A854-9FC07DC456D3}
		{345D57F9-9697-46FD-A92F-163A7530DF58} = {A6542C3C-77F4-428A-A854-9FC07DC456D3}
	EndGlobalSection
	GlobalSection(ExtensibilityGlobals) = postSolution
		SolutionGuid = {7C801A7D-3110-463A-8740-C7A412F3D0BE}
	EndGlobalSection
EndGlobal
